
Microsoft Visual Studio Solution File, Format Version 12.00
# Visual Studio Version 16
VisualStudioVersion = 16.0.28922.388
MinimumVisualStudioVersion = 10.0.40219.1
Project("{FAE04EC0-301F-11D3-BF4B-00C04F79EFBC}") = "15MinuteGoals", "15MinuteGoals\15MinuteGoals.csproj", "{D8C9B20B-C2D8-4EFF-8C9A-E02D2E22ECDB}"
EndProject
Global
	GlobalSection(SolutionConfigurationPlatforms) = preSolution
		Debug|Any CPU = Debug|Any CPU
		Release|Any CPU = Release|Any CPU
	EndGlobalSection
	GlobalSection(ProjectConfigurationPlatforms) = postSolution
		{D8C9B20B-C2D8-4EFF-8C9A-E02D2E22ECDB}.Debug|Any CPU.ActiveCfg = Debug|Any CPU
		{D8C9B20B-C2D8-4EFF-8C9A-E02D2E22ECDB}.Debug|Any CPU.Build.0 = Debug|Any CPU
		{D8C9B20B-C2D8-4EFF-8C9A-E02D2E22ECDB}.Debug|Any CPU.Deploy.0 = Debug|Any CPU
		{D8C9B20B-C2D8-4EFF-8C9A-E02D2E22ECDB}.Release|Any CPU.ActiveCfg = Release|Any CPU
		{D8C9B20B-C2D8-4EFF-8C9A-E02D2E22ECDB}.Release|Any CPU.Build.0 = Release|Any CPU
		{D8C9B20B-C2D8-4EFF-8C9A-E02D2E22ECDB}.Release|Any CPU.Deploy.0 = Release|Any CPU
	EndGlobalSection
	GlobalSection(SolutionProperties) = preSolution
		HideSolutionNode = FALSE
	EndGlobalSection
	GlobalSection(ExtensibilityGlobals) = postSolution
		SolutionGuid = {DDD74FE3-51A0-498A-B43B-980183398424}
	EndGlobalSection
EndGlobal
